// !$*UTF8*$!
{
	archiveVersion = 1;
	classes = {
	};
	objectVersion = 46;
	objects = {

/* Begin PBXBuildFile section */
		4B0EAB8D1FCE01D700A9846E /* constDest.cpp in Sources */ = {isa = PBXBuildFile; fileRef = 4BC2FF5B1FCDB08800F35764 /* constDest.cpp */; };
/* End PBXBuildFile section */

/* Begin PBXCopyFilesBuildPhase section */
		4B7DFF0F1F33779200073263 /* CopyFiles */ = {
			isa = PBXCopyFilesBuildPhase;
			buildActionMask = 2147483647;
			dstPath = /usr/share/man/man1/;
			dstSubfolderSpec = 0;
			files = (
			);
			runOnlyForDeploymentPostprocessing = 1;
		};
/* End PBXCopyFilesBuildPhase section */

/* Begin PBXFileReference section */
		4B064C8F1F3384D8003C9857 /* LinkedList.cpp */ = {isa = PBXFileReference; fileEncoding = 4; lastKnownFileType = sourcecode.cpp.cpp; path = LinkedList.cpp; sourceTree = "<group>"; };
		4B0F0D731FCC8004003598E9 /* ptrtest.cpp */ = {isa = PBXFileReference; lastKnownFileType = sourcecode.cpp.cpp; path = ptrtest.cpp; sourceTree = "<group>"; };
		4B0F0D751FCC90AC003598E9 /* stackptr.cpp */ = {isa = PBXFileReference; lastKnownFileType = sourcecode.cpp.cpp; path = stackptr.cpp; sourceTree = "<group>"; };
		4B0F0D781FCC9693003598E9 /* QueuePtr.cpp */ = {isa = PBXFileReference; lastKnownFileType = sourcecode.cpp.cpp; path = QueuePtr.cpp; sourceTree = "<group>"; };
		4B0F0D7C1FCC9FB4003598E9 /* DLL.cpp */ = {isa = PBXFileReference; lastKnownFileType = sourcecode.cpp.cpp; path = DLL.cpp; sourceTree = "<group>"; };
		4B2CFC791F827AA100BCEE52 /* multipleinhertit.cpp */ = {isa = PBXFileReference; lastKnownFileType = sourcecode.cpp.cpp; path = multipleinhertit.cpp; sourceTree = "<group>"; };
		4B4A966D1FCD5EF300E043C1 /* adjList.cpp */ = {isa = PBXFileReference; lastKnownFileType = sourcecode.cpp.cpp; path = adjList.cpp; sourceTree = "<group>"; };
		4B6170A01FB629E6005BED35 /* stringRev.cpp */ = {isa = PBXFileReference; lastKnownFileType = sourcecode.cpp.cpp; path = stringRev.cpp; sourceTree = "<group>"; };
		4B71B8D21FA3B77200DF81A6 /* letter.cpp */ = {isa = PBXFileReference; lastKnownFileType = sourcecode.cpp.cpp; path = letter.cpp; sourceTree = "<group>"; };
		4B7DFF111F33779200073263 /* LabC++ */ = {isa = PBXFileReference; explicitFileType = "compiled.mach-o.executable"; includeInIndex = 0; path = "LabC++"; sourceTree = BUILT_PRODUCTS_DIR; };
		4B7DFF141F33779200073263 /* main.cpp */ = {isa = PBXFileReference; lastKnownFileType = sourcecode.cpp.cpp; path = main.cpp; sourceTree = "<group>"; };
		4B8317261FA37F0500E47057 /* temp1.cpp */ = {isa = PBXFileReference; lastKnownFileType = sourcecode.cpp.cpp; path = temp1.cpp; sourceTree = "<group>"; };
		4B869E071F9246E500A86567 /* temp.cpp */ = {isa = PBXFileReference; lastKnownFileType = sourcecode.cpp.cpp; path = temp.cpp; sourceTree = "<group>"; };
		4B8C530A1FCDDD9000D353FB /* primsAdjList.cpp */ = {isa = PBXFileReference; lastKnownFileType = sourcecode.cpp.cpp; path = primsAdjList.cpp; sourceTree = "<group>"; };
		4BA477691F61A27500496FB0 /* test.cpp */ = {isa = PBXFileReference; fileEncoding = 4; lastKnownFileType = sourcecode.cpp.cpp; path = test.cpp; sourceTree = "<group>"; };
		4BBAF13F1FACC582007B8DAF /* binSearchTree.cpp */ = {isa = PBXFileReference; lastKnownFileType = sourcecode.cpp.cpp; path = binSearchTree.cpp; sourceTree = "<group>"; };
		4BC2FF571FCD9F7800F35764 /* tryCatchTest.cpp */ = {isa = PBXFileReference; lastKnownFileType = sourcecode.cpp.cpp; path = tryCatchTest.cpp; sourceTree = "<group>"; };
		4BC2FF591FCDA88F00F35764 /* nameSpaceTest.cpp */ = {isa = PBXFileReference; lastKnownFileType = sourcecode.cpp.cpp; path = nameSpaceTest.cpp; sourceTree = "<group>"; };
		4BC2FF5B1FCDB08800F35764 /* constDest.cpp */ = {isa = PBXFileReference; lastKnownFileType = sourcecode.cpp.cpp; path = constDest.cpp; sourceTree = "<group>"; };
		4BC2FF5D1FCDB8C500F35764 /* letterv1.cpp */ = {isa = PBXFileReference; lastKnownFileType = sourcecode.cpp.cpp; path = letterv1.cpp; sourceTree = "<group>"; };
		4BC2FF5F1FCDBE5B00F35764 /* adjListtemplate.cpp */ = {isa = PBXFileReference; lastKnownFileType = sourcecode.cpp.cpp; path = adjListtemplate.cpp; sourceTree = "<group>"; };
		4BCBF9FB1F828F9C00F19DD1 /* assgn1.cpp */ = {isa = PBXFileReference; lastKnownFileType = sourcecode.cpp.cpp; path = assgn1.cpp; sourceTree = "<group>"; };
		4BCBF9FD1F8296AD00F19DD1 /* assign2.cpp */ = {isa = PBXFileReference; lastKnownFileType = sourcecode.cpp.cpp; path = assign2.cpp; sourceTree = "<group>"; };
		4BCBF9FF1F82A1B200F19DD1 /* assign4.cpp */ = {isa = PBXFileReference; lastKnownFileType = sourcecode.cpp.cpp; path = assign4.cpp; sourceTree = "<group>"; };
		4BD32FCD1F4C8BC7008A3DF1 /* Wd.cpp */ = {isa = PBXFileReference; fileEncoding = 4; lastKnownFileType = sourcecode.cpp.cpp; path = Wd.cpp; sourceTree = "<group>"; };
		4BD641F71F910D4400999FEE /* abstracttest.cpp */ = {isa = PBXFileReference; lastKnownFileType = sourcecode.cpp.cpp; path = abstracttest.cpp; sourceTree = "<group>"; };
/* End PBXFileReference section */

/* Begin PBXFrameworksBuildPhase section */
		4B7DFF0E1F33779200073263 /* Frameworks */ = {
			isa = PBXFrameworksBuildPhase;
			buildActionMask = 2147483647;
			files = (
			);
			runOnlyForDeploymentPostprocessing = 0;
		};
/* End PBXFrameworksBuildPhase section */

/* Begin PBXGroup section */
		4B7DFF081F33779200073263 = {
			isa = PBXGroup;
			children = (
				4B7DFF131F33779200073263 /* LabC++ */,
				4B7DFF121F33779200073263 /* Products */,
			);
			sourceTree = "<group>";
		};
		4B7DFF121F33779200073263 /* Products */ = {
			isa = PBXGroup;
			children = (
				4B7DFF111F33779200073263 /* LabC++ */,
			);
			name = Products;
			sourceTree = "<group>";
		};
		4B7DFF131F33779200073263 /* LabC++ */ = {
			isa = PBXGroup;
			children = (
				4B2CFC791F827AA100BCEE52 /* multipleinhertit.cpp */,
				4B6170A01FB629E6005BED35 /* stringRev.cpp */,
				4BD641F71F910D4400999FEE /* abstracttest.cpp */,
				4B869E071F9246E500A86567 /* temp.cpp */,
				4B8317261FA37F0500E47057 /* temp1.cpp */,
				4B7DFF141F33779200073263 /* main.cpp */,
				4B064C8F1F3384D8003C9857 /* LinkedList.cpp */,
				4BD32FCD1F4C8BC7008A3DF1 /* Wd.cpp */,
				4BA477691F61A27500496FB0 /* test.cpp */,
				4BCBF9FB1F828F9C00F19DD1 /* assgn1.cpp */,
				4BCBF9FD1F8296AD00F19DD1 /* assign2.cpp */,
				4BCBF9FF1F82A1B200F19DD1 /* assign4.cpp */,
				4B71B8D21FA3B77200DF81A6 /* letter.cpp */,
				4BBAF13F1FACC582007B8DAF /* binSearchTree.cpp */,
				4B0F0D731FCC8004003598E9 /* ptrtest.cpp */,
				4B0F0D751FCC90AC003598E9 /* stackptr.cpp */,
				4B0F0D781FCC9693003598E9 /* QueuePtr.cpp */,
				4B0F0D7C1FCC9FB4003598E9 /* DLL.cpp */,
				4B4A966D1FCD5EF300E043C1 /* adjList.cpp */,
				4BC2FF571FCD9F7800F35764 /* tryCatchTest.cpp */,
				4BC2FF591FCDA88F00F35764 /* nameSpaceTest.cpp */,
				4BC2FF5B1FCDB08800F35764 /* constDest.cpp */,
				4BC2FF5D1FCDB8C500F35764 /* letterv1.cpp */,
				4BC2FF5F1FCDBE5B00F35764 /* adjListtemplate.cpp */,
				4B8C530A1FCDDD9000D353FB /* primsAdjList.cpp */,
			);
			path = "LabC++";
			sourceTree = "<group>";
		};
/* End PBXGroup section */

/* Begin PBXNativeTarget section */
		4B7DFF101F33779200073263 /* LabC++ */ = {
			isa = PBXNativeTarget;
			buildConfigurationList = 4B7DFF181F33779200073263 /* Build configuration list for PBXNativeTarget "LabC++" */;
			buildPhases = (
				4B7DFF0D1F33779200073263 /* Sources */,
				4B7DFF0E1F33779200073263 /* Frameworks */,
				4B7DFF0F1F33779200073263 /* CopyFiles */,
			);
			buildRules = (
			);
			dependencies = (
			);
			name = "LabC++";
			productName = "LabC++";
			productReference = 4B7DFF111F33779200073263 /* LabC++ */;
			productType = "com.apple.product-type.tool";
		};
/* End PBXNativeTarget section */

/* Begin PBXProject section */
		4B7DFF091F33779200073263 /* Project object */ = {
			isa = PBXProject;
			attributes = {
				LastUpgradeCheck = 0910;
				ORGANIZATIONNAME = "Arnab Sen";
				TargetAttributes = {
					4B7DFF101F33779200073263 = {
						CreatedOnToolsVersion = 8.3.3;
						DevelopmentTeam = 3DUBQRY283;
						ProvisioningStyle = Automatic;
					};
				};
			};
			buildConfigurationList = 4B7DFF0C1F33779200073263 /* Build configuration list for PBXProject "LabC++" */;
			compatibilityVersion = "Xcode 3.2";
			developmentRegion = English;
			hasScannedForEncodings = 0;
			knownRegions = (
				en,
			);
			mainGroup = 4B7DFF081F33779200073263;
			productRefGroup = 4B7DFF121F33779200073263 /* Products */;
			projectDirPath = "";
			projectRoot = "";
			targets = (
				4B7DFF101F33779200073263 /* LabC++ */,
			);
		};
/* End PBXProject section */

/* Begin PBXSourcesBuildPhase section */
		4B7DFF0D1F33779200073263 /* Sources */ = {
			isa = PBXSourcesBuildPhase;
			buildActionMask = 2147483647;
			files = (
				4B0EAB8D1FCE01D700A9846E /* constDest.cpp in Sources */,
			);
			runOnlyForDeploymentPostprocessing = 0;
		};
/* End PBXSourcesBuildPhase section */

/* Begin XCBuildConfiguration section */
		4B7DFF161F33779200073263 /* Debug */ = {
			isa = XCBuildConfiguration;
			buildSettings = {
				ALWAYS_SEARCH_USER_PATHS = NO;
				CLANG_ANALYZER_NONNULL = YES;
				CLANG_ANALYZER_NUMBER_OBJECT_CONVERSION = YES_AGGRESSIVE;
				CLANG_CXX_LANGUAGE_STANDARD = "gnu++0x";
				CLANG_CXX_LIBRARY = "libc++";
				CLANG_ENABLE_MODULES = YES;
				CLANG_ENABLE_OBJC_ARC = YES;
				CLANG_WARN_BLOCK_CAPTURE_AUTORELEASING = YES;
				CLANG_WARN_BOOL_CONVERSION = YES;
				CLANG_WARN_COMMA = YES;
				CLANG_WARN_CONSTANT_CONVERSION = YES;
				CLANG_WARN_DIRECT_OBJC_ISA_USAGE = YES_ERROR;
				CLANG_WARN_DOCUMENTATION_COMMENTS = YES;
				CLANG_WARN_EMPTY_BODY = YES;
				CLANG_WARN_ENUM_CONVERSION = YES;
				CLANG_WARN_INFINITE_RECURSION = YES;
				CLANG_WARN_INT_CONVERSION = YES;
				CLANG_WARN_NON_LITERAL_NULL_CONVERSION = YES;
				CLANG_WARN_OBJC_LITERAL_CONVERSION = YES;
				CLANG_WARN_OBJC_ROOT_CLASS = YES_ERROR;
				CLANG_WARN_RANGE_LOOP_ANALYSIS = YES;
				CLANG_WARN_STRICT_PROTOTYPES = YES;
				CLANG_WARN_SUSPICIOUS_MOVE = YES;
				CLANG_WARN_UNREACHABLE_CODE = YES;
				CLANG_WARN__DUPLICATE_METHOD_MATCH = YES;
				CODE_SIGN_IDENTITY = "-";
				COPY_PHASE_STRIP = NO;
				DEBUG_INFORMATION_FORMAT = dwarf;
				ENABLE_STRICT_OBJC_MSGSEND = YES;
				ENABLE_TESTABILITY = YES;
				GCC_C_LANGUAGE_STANDARD = gnu99;
				GCC_DYNAMIC_NO_PIC = NO;
				GCC_NO_COMMON_BLOCKS = YES;
				GCC_OPTIMIZATION_LEVEL = 0;
				GCC_PREPROCESSOR_DEFINITIONS = (
					"DEBUG=1",
					"$(inherited)",
				);
				GCC_WARN_64_TO_32_BIT_CONVERSION = YES;
				GCC_WARN_ABOUT_RETURN_TYPE = YES_ERROR;
				GCC_WARN_UNDECLARED_SELECTOR = YES;
				GCC_WARN_UNINITIALIZED_AUTOS = YES_AGGRESSIVE;
				GCC_WARN_UNUSED_FUNCTION = YES;
				GCC_WARN_UNUSED_VARIABLE = YES;
				MACOSX_DEPLOYMENT_TARGET = 10.12;
				MTL_ENABLE_DEBUG_INFO = YES;
				ONLY_ACTIVE_ARCH = YES;
				SDKROOT = macosx;
			};
			name = Debug;
		};
		4B7DFF171F33779200073263 /* Release */ = {
			isa = XCBuildConfiguration;
			buildSettings = {
				ALWAYS_SEARCH_USER_PATHS = NO;
				CLANG_ANALYZER_NONNULL = YES;
				CLANG_ANALYZER_NUMBER_OBJECT_CONVERSION = YES_AGGRESSIVE;
				CLANG_CXX_LANGUAGE_STANDARD = "gnu++0x";
				CLANG_CXX_LIBRARY = "libc++";
				CLANG_ENABLE_MODULES = YES;
				CLANG_ENABLE_OBJC_ARC = YES;
				CLANG_WARN_BLOCK_CAPTURE_AUTORELEASING = YES;
				CLANG_WARN_BOOL_CONVERSION = YES;
				CLANG_WARN_COMMA = YES;
				CLANG_WARN_CONSTANT_CONVERSION = YES;
				CLANG_WARN_DIRECT_OBJC_ISA_USAGE = YES_ERROR;
				CLANG_WARN_DOCUMENTATION_COMMENTS = YES;
				CLANG_WARN_EMPTY_BODY = YES;
				CLANG_WARN_ENUM_CONVERSION = YES;
				CLANG_WARN_INFINITE_RECURSION = YES;
				CLANG_WARN_INT_CONVERSION = YES;
				CLANG_WARN_NON_LITERAL_NULL_CONVERSION = YES;
				CLANG_WARN_OBJC_LITERAL_CONVERSION = YES;
				CLANG_WARN_OBJC_ROOT_CLASS = YES_ERROR;
				CLANG_WARN_RANGE_LOOP_ANALYSIS = YES;
				CLANG_WARN_STRICT_PROTOTYPES = YES;
				CLANG_WARN_SUSPICIOUS_MOVE = YES;
				CLANG_WARN_UNREACHABLE_CODE = YES;
				CLANG_WARN__DUPLICATE_METHOD_MATCH = YES;
				CODE_SIGN_IDENTITY = "-";
				COPY_PHASE_STRIP = NO;
				DEBUG_INFORMATION_FORMAT = "dwarf-with-dsym";
				ENABLE_NS_ASSERTIONS = NO;
				ENABLE_STRICT_OBJC_MSGSEND = YES;
				GCC_C_LANGUAGE_STANDARD = gnu99;
				GCC_NO_COMMON_BLOCKS = YES;
				GCC_WARN_64_TO_32_BIT_CONVERSION = YES;
				GCC_WARN_ABOUT_RETURN_TYPE = YES_ERROR;
				GCC_WARN_UNDECLARED_SELECTOR = YES;
				GCC_WARN_UNINITIALIZED_AUTOS = YES_AGGRESSIVE;
				GCC_WARN_UNUSED_FUNCTION = YES;
				GCC_WARN_UNUSED_VARIABLE = YES;
				MACOSX_DEPLOYMENT_TARGET = 10.12;
				MTL_ENABLE_DEBUG_INFO = NO;
				SDKROOT = macosx;
			};
			name = Release;
		};
		4B7DFF191F33779200073263 /* Debug */ = {
			isa = XCBuildConfiguration;
			buildSettings = {
				DEVELOPMENT_TEAM = 3DUBQRY283;
				PRODUCT_NAME = "$(TARGET_NAME)";
			};
			name = Debug;
		};
		4B7DFF1A1F33779200073263 /* Release */ = {
			isa = XCBuildConfiguration;
			buildSettings = {
				DEVELOPMENT_TEAM = 3DUBQRY283;
				PRODUCT_NAME = "$(TARGET_NAME)";
			};
			name = Release;
		};
/* End XCBuildConfiguration section */

/* Begin XCConfigurationList section */
		4B7DFF0C1F33779200073263 /* Build configuration list for PBXProject "LabC++" */ = {
			isa = XCConfigurationList;
			buildConfigurations = (
				4B7DFF161F33779200073263 /* Debug */,
				4B7DFF171F33779200073263 /* Release */,
			);
			defaultConfigurationIsVisible = 0;
			defaultConfigurationName = Release;
		};
		4B7DFF181F33779200073263 /* Build configuration list for PBXNativeTarget "LabC++" */ = {
			isa = XCConfigurationList;
			buildConfigurations = (
				4B7DFF191F33779200073263 /* Debug */,
				4B7DFF1A1F33779200073263 /* Release */,
			);
			defaultConfigurationIsVisible = 0;
			defaultConfigurationName = Release;
		};
/* End XCConfigurationList section */
	};
	rootObject = 4B7DFF091F33779200073263 /* Project object */;
}
